
Microsoft Visual Studio Solution File, Format Version 12.00
# Visual Studio 15
VisualStudioVersion = 15.0.28307.1169
MinimumVisualStudioVersion = 10.0.40219.1
Project("{2150E333-8FDC-42A3-9474-1A3956D46DE8}") = "Architecture", "Architecture", "{4FFD28B8-7C47-435B-8685-4F75E421D8FF}"
EndProject
Project("{2150E333-8FDC-42A3-9474-1A3956D46DE8}") = "Factory", "Factory", "{5A4A5127-3EA8-4E84-9195-63695188C4C9}"
EndProject
Project("{9A19103F-16F7-4668-BE54-9A1E7A4F7556}") = "masglobal.FactoryMethod", "masglobal.FactoryMethod\masglobal.FactoryMethod.csproj", "{54A49235-B5CD-47F6-B547-FABA2227F62E}"
EndProject
Project("{2150E333-8FDC-42A3-9474-1A3956D46DE8}") = "Application", "Application", "{2AC9A228-7407-4481-A84C-E0057A50B6D4}"
EndProject
Project("{9A19103F-16F7-4668-BE54-9A1E7A4F7556}") = "masglobal.ApplicationDTO", "masglobal.ApplicationDTO\masglobal.ApplicationDTO.csproj", "{0BC0EB18-972D-4598-91AF-D2E3CDB717CE}"
EndProject
Project("{9A19103F-16F7-4668-BE54-9A1E7A4F7556}") = "masglobal.Application.Main", "masglobal.Application.Main\masglobal.Application.Main.csproj", "{D0D041CC-7935-4EBA-A534-434B457D39DC}"
EndProject
Project("{2150E333-8FDC-42A3-9474-1A3956D46DE8}") = "UnitTests", "UnitTests", "{085D253A-33D2-4C28-AAFD-31E6FAE058D1}"
EndProject
Project("{FAE04EC0-301F-11D3-BF4B-00C04F79EFBC}") = "masglobal.UnitTest", "masglobal.UnitTest\masglobal.UnitTest.csproj", "{DEB2BF1B-A2BA-49CC-8568-537E565A563D}"
EndProject
Project("{2150E333-8FDC-42A3-9474-1A3956D46DE8}") = "Infrastructure", "Infrastructure", "{D4CEB5C2-309C-4041-862F-E59E68F19C44}"
EndProject
Project("{FAE04EC0-301F-11D3-BF4B-00C04F79EFBC}") = "masglobal.InfraStructure.Repository", "masglobal.InfraStructure.Repository\masglobal.InfraStructure.Repository.csproj", "{46CA07B0-EA77-484B-B280-E579D65A1F50}"
EndProject
Project("{2150E333-8FDC-42A3-9474-1A3956D46DE8}") = "Service", "Service", "{12B2178F-00BF-4F05-BC1E-704D3313D66F}"
EndProject
Project("{FAE04EC0-301F-11D3-BF4B-00C04F79EFBC}") = "masglobal.Services.WebAPIRest", "masglobal.Services.WebAPIRest\masglobal.Services.WebAPIRest.csproj", "{9979FA11-D487-4D15-BAFA-A1DD8A058DBE}"
EndProject
Project("{2150E333-8FDC-42A3-9474-1A3956D46DE8}") = "Domain", "Domain", "{5928BEB3-B369-4ADA-BB53-61B8A4F9FC7F}"
EndProject
Project("{FAE04EC0-301F-11D3-BF4B-00C04F79EFBC}") = "masglobal.Domain.Core", "masglobal.Domain.Core\masglobal.Domain.Core.csproj", "{25DD6329-3DAE-455C-BA89-DE8E7DFAFB50}"
EndProject
Project("{FAE04EC0-301F-11D3-BF4B-00C04F79EFBC}") = "masglobal.Domain.Interface", "masglobal.Domain.Interface\masglobal.Domain.Interface.csproj", "{9DC65958-1FFD-4D4D-89F8-C066383003D2}"
EndProject
Project("{FAE04EC0-301F-11D3-BF4B-00C04F79EFBC}") = "masglobal.Application.Interface", "masglobal.Application.Interface\masglobal.Application.Interface.csproj", "{3C2B3C88-9ECD-4AD0-90DC-21106F7BBAE8}"
EndProject
Project("{FAE04EC0-301F-11D3-BF4B-00C04F79EFBC}") = "masglobal.InfraStructure.Interface", "masglobal.InfraStructure.Interface\masglobal.InfraStructure.Interface.csproj", "{DA98D66B-30F0-49B2-B6AE-5099FBC47FBE}"
EndProject
Global
	GlobalSection(SolutionConfigurationPlatforms) = preSolution
		Debug|Any CPU = Debug|Any CPU
		Release|Any CPU = Release|Any CPU
	EndGlobalSection
	GlobalSection(ProjectConfigurationPlatforms) = postSolution
		{54A49235-B5CD-47F6-B547-FABA2227F62E}.Debug|Any CPU.ActiveCfg = Debug|Any CPU
		{54A49235-B5CD-47F6-B547-FABA2227F62E}.Debug|Any CPU.Build.0 = Debug|Any CPU
		{54A49235-B5CD-47F6-B547-FABA2227F62E}.Release|Any CPU.ActiveCfg = Release|Any CPU
		{54A49235-B5CD-47F6-B547-FABA2227F62E}.Release|Any CPU.Build.0 = Release|Any CPU
		{0BC0EB18-972D-4598-91AF-D2E3CDB717CE}.Debug|Any CPU.ActiveCfg = Debug|Any CPU
		{0BC0EB18-972D-4598-91AF-D2E3CDB717CE}.Debug|Any CPU.Build.0 = Debug|Any CPU
		{0BC0EB18-972D-4598-91AF-D2E3CDB717CE}.Release|Any CPU.ActiveCfg = Release|Any CPU
		{0BC0EB18-972D-4598-91AF-D2E3CDB717CE}.Release|Any CPU.Build.0 = Release|Any CPU
		{D0D041CC-7935-4EBA-A534-434B457D39DC}.Debug|Any CPU.ActiveCfg = Debug|Any CPU
		{D0D041CC-7935-4EBA-A534-434B457D39DC}.Debug|Any CPU.Build.0 = Debug|Any CPU
		{D0D041CC-7935-4EBA-A534-434B457D39DC}.Release|Any CPU.ActiveCfg = Release|Any CPU
		{D0D041CC-7935-4EBA-A534-434B457D39DC}.Release|Any CPU.Build.0 = Release|Any CPU
		{DEB2BF1B-A2BA-49CC-8568-537E565A563D}.Debug|Any CPU.ActiveCfg = Debug|Any CPU
		{DEB2BF1B-A2BA-49CC-8568-537E565A563D}.Debug|Any CPU.Build.0 = Debug|Any CPU
		{DEB2BF1B-A2BA-49CC-8568-537E565A563D}.Release|Any CPU.ActiveCfg = Release|Any CPU
		{DEB2BF1B-A2BA-49CC-8568-537E565A563D}.Release|Any CPU.Build.0 = Release|Any CPU
		{46CA07B0-EA77-484B-B280-E579D65A1F50}.Debug|Any CPU.ActiveCfg = Debug|Any CPU
		{46CA07B0-EA77-484B-B280-E579D65A1F50}.Debug|Any CPU.Build.0 = Debug|Any CPU
		{46CA07B0-EA77-484B-B280-E579D65A1F50}.Release|Any CPU.ActiveCfg = Release|Any CPU
		{46CA07B0-EA77-484B-B280-E579D65A1F50}.Release|Any CPU.Build.0 = Release|Any CPU
		{9979FA11-D487-4D15-BAFA-A1DD8A058DBE}.Debug|Any CPU.ActiveCfg = Debug|Any CPU
		{9979FA11-D487-4D15-BAFA-A1DD8A058DBE}.Debug|Any CPU.Build.0 = Debug|Any CPU
		{9979FA11-D487-4D15-BAFA-A1DD8A058DBE}.Release|Any CPU.ActiveCfg = Release|Any CPU
		{9979FA11-D487-4D15-BAFA-A1DD8A058DBE}.Release|Any CPU.Build.0 = Release|Any CPU
		{25DD6329-3DAE-455C-BA89-DE8E7DFAFB50}.Debug|Any CPU.ActiveCfg = Debug|Any CPU
		{25DD6329-3DAE-455C-BA89-DE8E7DFAFB50}.Debug|Any CPU.Build.0 = Debug|Any CPU
		{25DD6329-3DAE-455C-BA89-DE8E7DFAFB50}.Release|Any CPU.ActiveCfg = Release|Any CPU
		{25DD6329-3DAE-455C-BA89-DE8E7DFAFB50}.Release|Any CPU.Build.0 = Release|Any CPU
		{9DC65958-1FFD-4D4D-89F8-C066383003D2}.Debug|Any CPU.ActiveCfg = Debug|Any CPU
		{9DC65958-1FFD-4D4D-89F8-C066383003D2}.Debug|Any CPU.Build.0 = Debug|Any CPU
		{9DC65958-1FFD-4D4D-89F8-C066383003D2}.Release|Any CPU.ActiveCfg = Release|Any CPU
		{9DC65958-1FFD-4D4D-89F8-C066383003D2}.Release|Any CPU.Build.0 = Release|Any CPU
		{3C2B3C88-9ECD-4AD0-90DC-21106F7BBAE8}.Debug|Any CPU.ActiveCfg = Debug|Any CPU
		{3C2B3C88-9ECD-4AD0-90DC-21106F7BBAE8}.Debug|Any CPU.Build.0 = Debug|Any CPU
		{3C2B3C88-9ECD-4AD0-90DC-21106F7BBAE8}.Release|Any CPU.ActiveCfg = Release|Any CPU
		{3C2B3C88-9ECD-4AD0-90DC-21106F7BBAE8}.Release|Any CPU.Build.0 = Release|Any CPU
		{DA98D66B-30F0-49B2-B6AE-5099FBC47FBE}.Debug|Any CPU.ActiveCfg = Debug|Any CPU
		{DA98D66B-30F0-49B2-B6AE-5099FBC47FBE}.Debug|Any CPU.Build.0 = Debug|Any CPU
		{DA98D66B-30F0-49B2-B6AE-5099FBC47FBE}.Release|Any CPU.ActiveCfg = Release|Any CPU
		{DA98D66B-30F0-49B2-B6AE-5099FBC47FBE}.Release|Any CPU.Build.0 = Release|Any CPU
	EndGlobalSection
	GlobalSection(SolutionProperties) = preSolution
		HideSolutionNode = FALSE
	EndGlobalSection
	GlobalSection(NestedProjects) = preSolution
		{5A4A5127-3EA8-4E84-9195-63695188C4C9} = {4FFD28B8-7C47-435B-8685-4F75E421D8FF}
		{54A49235-B5CD-47F6-B547-FABA2227F62E} = {5A4A5127-3EA8-4E84-9195-63695188C4C9}
		{2AC9A228-7407-4481-A84C-E0057A50B6D4} = {4FFD28B8-7C47-435B-8685-4F75E421D8FF}
		{0BC0EB18-972D-4598-91AF-D2E3CDB717CE} = {2AC9A228-7407-4481-A84C-E0057A50B6D4}
		{D0D041CC-7935-4EBA-A534-434B457D39DC} = {2AC9A228-7407-4481-A84C-E0057A50B6D4}
		{085D253A-33D2-4C28-AAFD-31E6FAE058D1} = {4FFD28B8-7C47-435B-8685-4F75E421D8FF}
		{DEB2BF1B-A2BA-49CC-8568-537E565A563D} = {085D253A-33D2-4C28-AAFD-31E6FAE058D1}
		{D4CEB5C2-309C-4041-862F-E59E68F19C44} = {4FFD28B8-7C47-435B-8685-4F75E421D8FF}
		{46CA07B0-EA77-484B-B280-E579D65A1F50} = {D4CEB5C2-309C-4041-862F-E59E68F19C44}
		{12B2178F-00BF-4F05-BC1E-704D3313D66F} = {4FFD28B8-7C47-435B-8685-4F75E421D8FF}
		{9979FA11-D487-4D15-BAFA-A1DD8A058DBE} = {12B2178F-00BF-4F05-BC1E-704D3313D66F}
		{5928BEB3-B369-4ADA-BB53-61B8A4F9FC7F} = {4FFD28B8-7C47-435B-8685-4F75E421D8FF}
		{25DD6329-3DAE-455C-BA89-DE8E7DFAFB50} = {5928BEB3-B369-4ADA-BB53-61B8A4F9FC7F}
		{9DC65958-1FFD-4D4D-89F8-C066383003D2} = {5928BEB3-B369-4ADA-BB53-61B8A4F9FC7F}
		{3C2B3C88-9ECD-4AD0-90DC-21106F7BBAE8} = {2AC9A228-7407-4481-A84C-E0057A50B6D4}
		{DA98D66B-30F0-49B2-B6AE-5099FBC47FBE} = {D4CEB5C2-309C-4041-862F-E59E68F19C44}
	EndGlobalSection
	GlobalSection(ExtensibilityGlobals) = postSolution
		SolutionGuid = {D5F576EF-7DA4-4130-9AB5-48B6B6294099}
	EndGlobalSection
EndGlobal
